{
  "name": "element-ui",
  "version": "2.13.1",
  "lockfileVersion": 1,
  "requires": true,
  "dependencies": {
    "vue-the-mask": {
      "version": "0.11.1",
      "resolved": "https://registry.npmjs.org/vue-the-mask/-/vue-the-mask-0.11.1.tgz",
      "integrity": "sha512-UquSfnSWejD0zAfcD+3jJ1chUAkOAyoxya9Lxh9acCRtrlmGcAIvd0cQYraWqKenbuZJUdum+S174atv2AuEHQ=="
    }
  }
}
